// !$*UTF8*$!
{
	archiveVersion = 1;
	classes = {
	};
	objectVersion = 56;
	objects = {

/* Begin PBXBuildFile section */
		827C27572B084D73007076BF /* AllSensorsApp.swift in Sources */ = {isa = PBXBuildFile; fileRef = 827C27562B084D73007076BF /* AllSensorsApp.swift */; };
		827C27592B084D73007076BF /* ContentView.swift in Sources */ = {isa = PBXBuildFile; fileRef = 827C27582B084D73007076BF /* ContentView.swift */; };
		827C275B2B084D76007076BF /* Assets.xcassets in Resources */ = {isa = PBXBuildFile; fileRef = 827C275A2B084D76007076BF /* Assets.xcassets */; };
		827C275E2B084D76007076BF /* Preview Assets.xcassets in Resources */ = {isa = PBXBuildFile; fileRef = 827C275D2B084D76007076BF /* Preview Assets.xcassets */; };
		827C27682B084D76007076BF /* AllSensorsTests.swift in Sources */ = {isa = PBXBuildFile; fileRef = 827C27672B084D76007076BF /* AllSensorsTests.swift */; };
		827C27722B084D77007076BF /* AllSensorsUITests.swift in Sources */ = {isa = PBXBuildFile; fileRef = 827C27712B084D77007076BF /* AllSensorsUITests.swift */; };
		827C27742B084D77007076BF /* AllSensorsUITestsLaunchTests.swift in Sources */ = {isa = PBXBuildFile; fileRef = 827C27732B084D77007076BF /* AllSensorsUITestsLaunchTests.swift */; };
		827C27812B084DE2007076BF /* MotionManager.swift in Sources */ = {isa = PBXBuildFile; fileRef = 827C27802B084DE2007076BF /* MotionManager.swift */; };
		82F67F5F2B09416B00EEF60E /* AccelerometerView.swift in Sources */ = {isa = PBXBuildFile; fileRef = 82F67F5E2B09416B00EEF60E /* AccelerometerView.swift */; };
		82F67F612B0941E700EEF60E /* GyroscopeView.swift in Sources */ = {isa = PBXBuildFile; fileRef = 82F67F602B0941E700EEF60E /* GyroscopeView.swift */; };
/* End PBXBuildFile section */

/* Begin PBXContainerItemProxy section */
		827C27642B084D76007076BF /* PBXContainerItemProxy */ = {
			isa = PBXContainerItemProxy;
			containerPortal = 827C274B2B084D73007076BF /* Project object */;
			proxyType = 1;
			remoteGlobalIDString = 827C27522B084D73007076BF;
			remoteInfo = AllSensors;
		};
		827C276E2B084D77007076BF /* PBXContainerItemProxy */ = {
			isa = PBXContainerItemProxy;
			containerPortal = 827C274B2B084D73007076BF /* Project object */;
			proxyType = 1;
			remoteGlobalIDString = 827C27522B084D73007076BF;
			remoteInfo = AllSensors;
		};
/* End PBXContainerItemProxy section */

/* Begin PBXFileReference section */
		827C27532B084D73007076BF /* AllSensors.app */ = {isa = PBXFileReference; explicitFileType = wrapper.application; includeInIndex = 0; path = AllSensors.app; sourceTree = BUILT_PRODUCTS_DIR; };
		827C27562B084D73007076BF /* AllSensorsApp.swift */ = {isa = PBXFileReference; lastKnownFileType = sourcecode.swift; path = AllSensorsApp.swift; sourceTree = "<group>"; };
		827C27582B084D73007076BF /* ContentView.swift */ = {isa = PBXFileReference; lastKnownFileType = sourcecode.swift; path = ContentView.swift; sourceTree = "<group>"; };
		827C275A2B084D76007076BF /* Assets.xcassets */ = {isa = PBXFileReference; lastKnownFileType = folder.assetcatalog; path = Assets.xcassets; sourceTree = "<group>"; };
		827C275D2B084D76007076BF /* Preview Assets.xcassets */ = {isa = PBXFileReference; lastKnownFileType = folder.assetcatalog; path = "Preview Assets.xcassets"; sourceTree = "<group>"; };
		827C27632B084D76007076BF /* AllSensorsTests.xctest */ = {isa = PBXFileReference; explicitFileType = wrapper.cfbundle; includeInIndex = 0; path = AllSensorsTests.xctest; sourceTree = BUILT_PRODUCTS_DIR; };
		827C27672B084D76007076BF /* AllSensorsTests.swift */ = {isa = PBXFileReference; lastKnownFileType = sourcecode.swift; path = AllSensorsTests.swift; sourceTree = "<group>"; };
		827C276D2B084D77007076BF /* AllSensorsUITests.xctest */ = {isa = PBXFileReference; explicitFileType = wrapper.cfbundle; includeInIndex = 0; path = AllSensorsUITests.xctest; sourceTree = BUILT_PRODUCTS_DIR; };
		827C27712B084D77007076BF /* AllSensorsUITests.swift */ = {isa = PBXFileReference; lastKnownFileType = sourcecode.swift; path = AllSensorsUITests.swift; sourceTree = "<group>"; };
		827C27732B084D77007076BF /* AllSensorsUITestsLaunchTests.swift */ = {isa = PBXFileReference; lastKnownFileType = sourcecode.swift; path = AllSensorsUITestsLaunchTests.swift; sourceTree = "<group>"; };
		827C27802B084DE2007076BF /* MotionManager.swift */ = {isa = PBXFileReference; lastKnownFileType = sourcecode.swift; path = MotionManager.swift; sourceTree = "<group>"; };
		82F67F5E2B09416B00EEF60E /* AccelerometerView.swift */ = {isa = PBXFileReference; lastKnownFileType = sourcecode.swift; path = AccelerometerView.swift; sourceTree = "<group>"; };
		82F67F602B0941E700EEF60E /* GyroscopeView.swift */ = {isa = PBXFileReference; lastKnownFileType = sourcecode.swift; path = GyroscopeView.swift; sourceTree = "<group>"; };
/* End PBXFileReference section */

/* Begin PBXFrameworksBuildPhase section */
		827C27502B084D73007076BF /* Frameworks */ = {
			isa = PBXFrameworksBuildPhase;
			buildActionMask = 2147483647;
			files = (
			);
			runOnlyForDeploymentPostprocessing = 0;
		};
		827C27602B084D76007076BF /* Frameworks */ = {
			isa = PBXFrameworksBuildPhase;
			buildActionMask = 2147483647;
			files = (
			);
			runOnlyForDeploymentPostprocessing = 0;
		};
		827C276A2B084D77007076BF /* Frameworks */ = {
			isa = PBXFrameworksBuildPhase;
			buildActionMask = 2147483647;
			files = (
			);
			runOnlyForDeploymentPostprocessing = 0;
		};
/* End PBXFrameworksBuildPhase section */

/* Begin PBXGroup section */
		827C274A2B084D73007076BF = {
			isa = PBXGroup;
			children = (
				827C27552B084D73007076BF /* AllSensors */,
				827C27662B084D76007076BF /* AllSensorsTests */,
				827C27702B084D77007076BF /* AllSensorsUITests */,
				827C27542B084D73007076BF /* Products */,
			);
			sourceTree = "<group>";
		};
		827C27542B084D73007076BF /* Products */ = {
			isa = PBXGroup;
			children = (
				827C27532B084D73007076BF /* AllSensors.app */,
				827C27632B084D76007076BF /* AllSensorsTests.xctest */,
				827C276D2B084D77007076BF /* AllSensorsUITests.xctest */,
			);
			name = Products;
			sourceTree = "<group>";
		};
		827C27552B084D73007076BF /* AllSensors */ = {
			isa = PBXGroup;
			children = (
				827C27562B084D73007076BF /* AllSensorsApp.swift */,
				82F67F5E2B09416B00EEF60E /* AccelerometerView.swift */,
				82F67F602B0941E700EEF60E /* GyroscopeView.swift */,
				827C27582B084D73007076BF /* ContentView.swift */,
				827C27802B084DE2007076BF /* MotionManager.swift */,
				827C275A2B084D76007076BF /* Assets.xcassets */,
				827C275C2B084D76007076BF /* Preview Content */,
			);
			path = AllSensors;
			sourceTree = "<group>";
		};
		827C275C2B084D76007076BF /* Preview Content */ = {
			isa = PBXGroup;
			children = (
				827C275D2B084D76007076BF /* Preview Assets.xcassets */,
			);
			path = "Preview Content";
			sourceTree = "<group>";
		};
		827C27662B084D76007076BF /* AllSensorsTests */ = {
			isa = PBXGroup;
			children = (
				827C27672B084D76007076BF /* AllSensorsTests.swift */,
			);
			path = AllSensorsTests;
			sourceTree = "<group>";
		};
		827C27702B084D77007076BF /* AllSensorsUITests */ = {
			isa = PBXGroup;
			children = (
				827C27712B084D77007076BF /* AllSensorsUITests.swift */,
				827C27732B084D77007076BF /* AllSensorsUITestsLaunchTests.swift */,
			);
			path = AllSensorsUITests;
			sourceTree = "<group>";
		};
/* End PBXGroup section */

/* Begin PBXNativeTarget section */
		827C27522B084D73007076BF /* AllSensors */ = {
			isa = PBXNativeTarget;
			buildConfigurationList = 827C27772B084D77007076BF /* Build configuration list for PBXNativeTarget "AllSensors" */;
			buildPhases = (
				827C274F2B084D73007076BF /* Sources */,
				827C27502B084D73007076BF /* Frameworks */,
				827C27512B084D73007076BF /* Resources */,
			);
			buildRules = (
			);
			dependencies = (
			);
			name = AllSensors;
			productName = AllSensors;
			productReference = 827C27532B084D73007076BF /* AllSensors.app */;
			productType = "com.apple.product-type.application";
		};
		827C27622B084D76007076BF /* AllSensorsTests */ = {
			isa = PBXNativeTarget;
			buildConfigurationList = 827C277A2B084D77007076BF /* Build configuration list for PBXNativeTarget "AllSensorsTests" */;
			buildPhases = (
				827C275F2B084D76007076BF /* Sources */,
				827C27602B084D76007076BF /* Frameworks */,
				827C27612B084D76007076BF /* Resources */,
			);
			buildRules = (
			);
			dependencies = (
				827C27652B084D76007076BF /* PBXTargetDependency */,
			);
			name = AllSensorsTests;
			productName = AllSensorsTests;
			productReference = 827C27632B084D76007076BF /* AllSensorsTests.xctest */;
			productType = "com.apple.product-type.bundle.unit-test";
		};
		827C276C2B084D77007076BF /* AllSensorsUITests */ = {
			isa = PBXNativeTarget;
			buildConfigurationList = 827C277D2B084D77007076BF /* Build configuration list for PBXNativeTarget "AllSensorsUITests" */;
			buildPhases = (
				827C27692B084D77007076BF /* Sources */,
				827C276A2B084D77007076BF /* Frameworks */,
				827C276B2B084D77007076BF /* Resources */,
			);
			buildRules = (
			);
			dependencies = (
				827C276F2B084D77007076BF /* PBXTargetDependency */,
			);
			name = AllSensorsUITests;
			productName = AllSensorsUITests;
			productReference = 827C276D2B084D77007076BF /* AllSensorsUITests.xctest */;
			productType = "com.apple.product-type.bundle.ui-testing";
		};
/* End PBXNativeTarget section */

/* Begin PBXProject section */
		827C274B2B084D73007076BF /* Project object */ = {
			isa = PBXProject;
			attributes = {
				BuildIndependentTargetsInParallel = 1;
				LastSwiftUpdateCheck = 1500;
				LastUpgradeCheck = 1500;
				TargetAttributes = {
					827C27522B084D73007076BF = {
						CreatedOnToolsVersion = 15.0.1;
					};
					827C27622B084D76007076BF = {
						CreatedOnToolsVersion = 15.0.1;
						TestTargetID = 827C27522B084D73007076BF;
					};
					827C276C2B084D77007076BF = {
						CreatedOnToolsVersion = 15.0.1;
						TestTargetID = 827C27522B084D73007076BF;
					};
				};
			};
			buildConfigurationList = 827C274E2B084D73007076BF /* Build configuration list for PBXProject "AllSensors" */;
			compatibilityVersion = "Xcode 14.0";
			developmentRegion = en;
			hasScannedForEncodings = 0;
			knownRegions = (
				en,
				Base,
			);
			mainGroup = 827C274A2B084D73007076BF;
			productRefGroup = 827C27542B084D73007076BF /* Products */;
			projectDirPath = "";
			projectRoot = "";
			targets = (
				827C27522B084D73007076BF /* AllSensors */,
				827C27622B084D76007076BF /* AllSensorsTests */,
				827C276C2B084D77007076BF /* AllSensorsUITests */,
			);
		};
/* End PBXProject section */

/* Begin PBXResourcesBuildPhase section */
		827C27512B084D73007076BF /* Resources */ = {
			isa = PBXResourcesBuildPhase;
			buildActionMask = 2147483647;
			files = (
				827C275E2B084D76007076BF /* Preview Assets.xcassets in Resources */,
				827C275B2B084D76007076BF /* Assets.xcassets in Resources */,
			);
			runOnlyForDeploymentPostprocessing = 0;
		};
		827C27612B084D76007076BF /* Resources */ = {
			isa = PBXResourcesBuildPhase;
			buildActionMask = 2147483647;
			files = (
			);
			runOnlyForDeploymentPostprocessing = 0;
		};
		827C276B2B084D77007076BF /* Resources */ = {
			isa = PBXResourcesBuildPhase;
			buildActionMask = 2147483647;
			files = (
			);
			runOnlyForDeploymentPostprocessing = 0;
		};
/* End PBXResourcesBuildPhase section */

/* Begin PBXSourcesBuildPhase section */
		827C274F2B084D73007076BF /* Sources */ = {
			isa = PBXSourcesBuildPhase;
			buildActionMask = 2147483647;
			files = (
				82F67F5F2B09416B00EEF60E /* AccelerometerView.swift in Sources */,
				827C27592B084D73007076BF /* ContentView.swift in Sources */,
				827C27812B084DE2007076BF /* MotionManager.swift in Sources */,
				82F67F612B0941E700EEF60E /* GyroscopeView.swift in Sources */,
				827C27572B084D73007076BF /* AllSensorsApp.swift in Sources */,
			);
			runOnlyForDeploymentPostprocessing = 0;
		};
		827C275F2B084D76007076BF /* Sources */ = {
			isa = PBXSourcesBuildPhase;
			buildActionMask = 2147483647;
			files = (
				827C27682B084D76007076BF /* AllSensorsTests.swift in Sources */,
			);
			runOnlyForDeploymentPostprocessing = 0;
		};
		827C27692B084D77007076BF /* Sources */ = {
			isa = PBXSourcesBuildPhase;
			buildActionMask = 2147483647;
			files = (
				827C27742B084D77007076BF /* AllSensorsUITestsLaunchTests.swift in Sources */,
				827C27722B084D77007076BF /* AllSensorsUITests.swift in Sources */,
			);
			runOnlyForDeploymentPostprocessing = 0;
		};
/* End PBXSourcesBuildPhase section */

/* Begin PBXTargetDependency section */
		827C27652B084D76007076BF /* PBXTargetDependency */ = {
			isa = PBXTargetDependency;
			target = 827C27522B084D73007076BF /* AllSensors */;
			targetProxy = 827C27642B084D76007076BF /* PBXContainerItemProxy */;
		};
		827C276F2B084D77007076BF /* PBXTargetDependency */ = {
			isa = PBXTargetDependency;
			target = 827C27522B084D73007076BF /* AllSensors */;
			targetProxy = 827C276E2B084D77007076BF /* PBXContainerItemProxy */;
		};
/* End PBXTargetDependency section */

/* Begin XCBuildConfiguration section */
		827C27752B084D77007076BF /* Debug */ = {
			isa = XCBuildConfiguration;
			buildSettings = {
				ALWAYS_SEARCH_USER_PATHS = NO;
				ASSETCATALOG_COMPILER_GENERATE_SWIFT_ASSET_SYMBOL_EXTENSIONS = YES;
				CLANG_ANALYZER_NONNULL = YES;
				CLANG_ANALYZER_NUMBER_OBJECT_CONVERSION = YES_AGGRESSIVE;
				CLANG_CXX_LANGUAGE_STANDARD = "gnu++20";
				CLANG_ENABLE_MODULES = YES;
				CLANG_ENABLE_OBJC_ARC = YES;
				CLANG_ENABLE_OBJC_WEAK = YES;
				CLANG_WARN_BLOCK_CAPTURE_AUTORELEASING = YES;
				CLANG_WARN_BOOL_CONVERSION = YES;
				CLANG_WARN_COMMA = YES;
				CLANG_WARN_CONSTANT_CONVERSION = YES;
				CLANG_WARN_DEPRECATED_OBJC_IMPLEMENTATIONS = YES;
				CLANG_WARN_DIRECT_OBJC_ISA_USAGE = YES_ERROR;
				CLANG_WARN_DOCUMENTATION_COMMENTS = YES;
				CLANG_WARN_EMPTY_BODY = YES;
				CLANG_WARN_ENUM_CONVERSION = YES;
				CLANG_WARN_INFINITE_RECURSION = YES;
				CLANG_WARN_INT_CONVERSION = YES;
				CLANG_WARN_NON_LITERAL_NULL_CONVERSION = YES;
				CLANG_WARN_OBJC_IMPLICIT_RETAIN_SELF = YES;
				CLANG_WARN_OBJC_LITERAL_CONVERSION = YES;
				CLANG_WARN_OBJC_ROOT_CLASS = YES_ERROR;
				CLANG_WARN_QUOTED_INCLUDE_IN_FRAMEWORK_HEADER = YES;
				CLANG_WARN_RANGE_LOOP_ANALYSIS = YES;
				CLANG_WARN_STRICT_PROTOTYPES = YES;
				CLANG_WARN_SUSPICIOUS_MOVE = YES;
				CLANG_WARN_UNGUARDED_AVAILABILITY = YES_AGGRESSIVE;
				CLANG_WARN_UNREACHABLE_CODE = YES;
				CLANG_WARN__DUPLICATE_METHOD_MATCH = YES;
				COPY_PHASE_STRIP = NO;
				DEBUG_INFORMATION_FORMAT = dwarf;
				ENABLE_STRICT_OBJC_MSGSEND = YES;
				ENABLE_TESTABILITY = YES;
				ENABLE_USER_SCRIPT_SANDBOXING = YES;
				GCC_C_LANGUAGE_STANDARD = gnu17;
				GCC_DYNAMIC_NO_PIC = NO;
				GCC_NO_COMMON_BLOCKS = YES;
				GCC_OPTIMIZATION_LEVEL = 0;
				GCC_PREPROCESSOR_DEFINITIONS = (
					"DEBUG=1",
					"$(inherited)",
				);
				GCC_WARN_64_TO_32_BIT_CONVERSION = YES;
				GCC_WARN_ABOUT_RETURN_TYPE = YES_ERROR;
				GCC_WARN_UNDECLARED_SELECTOR = YES;
				GCC_WARN_UNINITIALIZED_AUTOS = YES_AGGRESSIVE;
				GCC_WARN_UNUSED_FUNCTION = YES;
				GCC_WARN_UNUSED_VARIABLE = YES;
				IPHONEOS_DEPLOYMENT_TARGET = 17.0;
				LOCALIZATION_PREFERS_STRING_CATALOGS = YES;
				MTL_ENABLE_DEBUG_INFO = INCLUDE_SOURCE;
				MTL_FAST_MATH = YES;
				ONLY_ACTIVE_ARCH = YES;
				SDKROOT = iphoneos;
				SWIFT_ACTIVE_COMPILATION_CONDITIONS = "DEBUG $(inherited)";
				SWIFT_OPTIMIZATION_LEVEL = "-Onone";
			};
			name = Debug;
		};
		827C27762B084D77007076BF /* Release */ = {
			isa = XCBuildConfiguration;
			buildSettings = {
				ALWAYS_SEARCH_USER_PATHS = NO;
				ASSETCATALOG_COMPILER_GENERATE_SWIFT_ASSET_SYMBOL_EXTENSIONS = YES;
				CLANG_ANALYZER_NONNULL = YES;
				CLANG_ANALYZER_NUMBER_OBJECT_CONVERSION = YES_AGGRESSIVE;
				CLANG_CXX_LANGUAGE_STANDARD = "gnu++20";
				CLANG_ENABLE_MODULES = YES;
				CLANG_ENABLE_OBJC_ARC = YES;
				CLANG_ENABLE_OBJC_WEAK = YES;
				CLANG_WARN_BLOCK_CAPTURE_AUTORELEASING = YES;
				CLANG_WARN_BOOL_CONVERSION = YES;
				CLANG_WARN_COMMA = YES;
				CLANG_WARN_CONSTANT_CONVERSION = YES;
				CLANG_WARN_DEPRECATED_OBJC_IMPLEMENTATIONS = YES;
				CLANG_WARN_DIRECT_OBJC_ISA_USAGE = YES_ERROR;
				CLANG_WARN_DOCUMENTATION_COMMENTS = YES;
				CLANG_WARN_EMPTY_BODY = YES;
				CLANG_WARN_ENUM_CONVERSION = YES;
				CLANG_WARN_INFINITE_RECURSION = YES;
				CLANG_WARN_INT_CONVERSION = YES;
				CLANG_WARN_NON_LITERAL_NULL_CONVERSION = YES;
				CLANG_WARN_OBJC_IMPLICIT_RETAIN_SELF = YES;
				CLANG_WARN_OBJC_LITERAL_CONVERSION = YES;
				CLANG_WARN_OBJC_ROOT_CLASS = YES_ERROR;
				CLANG_WARN_QUOTED_INCLUDE_IN_FRAMEWORK_HEADER = YES;
				CLANG_WARN_RANGE_LOOP_ANALYSIS = YES;
				CLANG_WARN_STRICT_PROTOTYPES = YES;
				CLANG_WARN_SUSPICIOUS_MOVE = YES;
				CLANG_WARN_UNGUARDED_AVAILABILITY = YES_AGGRESSIVE;
				CLANG_WARN_UNREACHABLE_CODE = YES;
				CLANG_WARN__DUPLICATE_METHOD_MATCH = YES;
				COPY_PHASE_STRIP = NO;
				DEBUG_INFORMATION_FORMAT = "dwarf-with-dsym";
				ENABLE_NS_ASSERTIONS = NO;
				ENABLE_STRICT_OBJC_MSGSEND = YES;
				ENABLE_USER_SCRIPT_SANDBOXING = YES;
				GCC_C_LANGUAGE_STANDARD = gnu17;
				GCC_NO_COMMON_BLOCKS = YES;
				GCC_WARN_64_TO_32_BIT_CONVERSION = YES;
				GCC_WARN_ABOUT_RETURN_TYPE = YES_ERROR;
				GCC_WARN_UNDECLARED_SELECTOR = YES;
				GCC_WARN_UNINITIALIZED_AUTOS = YES_AGGRESSIVE;
				GCC_WARN_UNUSED_FUNCTION = YES;
				GCC_WARN_UNUSED_VARIABLE = YES;
				IPHONEOS_DEPLOYMENT_TARGET = 17.0;
				LOCALIZATION_PREFERS_STRING_CATALOGS = YES;
				MTL_ENABLE_DEBUG_INFO = NO;
				MTL_FAST_MATH = YES;
				SDKROOT = iphoneos;
				SWIFT_COMPILATION_MODE = wholemodule;
				VALIDATE_PRODUCT = YES;
			};
			name = Release;
		};
		827C27782B084D77007076BF /* Debug */ = {
			isa = XCBuildConfiguration;
			buildSettings = {
				ASSETCATALOG_COMPILER_APPICON_NAME = AppIcon;
				ASSETCATALOG_COMPILER_GLOBAL_ACCENT_COLOR_NAME = AccentColor;
				CODE_SIGN_STYLE = Automatic;
				CURRENT_PROJECT_VERSION = 1;
				DEVELOPMENT_ASSET_PATHS = "\"AllSensors/Preview Content\"";
				DEVELOPMENT_TEAM = TNL7Y7H322;
				ENABLE_PREVIEWS = YES;
				GENERATE_INFOPLIST_FILE = YES;
				INFOPLIST_KEY_UIApplicationSceneManifest_Generation = YES;
				INFOPLIST_KEY_UIApplicationSupportsIndirectInputEvents = YES;
				INFOPLIST_KEY_UILaunchScreen_Generation = YES;
				INFOPLIST_KEY_UISupportedInterfaceOrientations_iPad = "UIInterfaceOrientationPortrait UIInterfaceOrientationPortraitUpsideDown UIInterfaceOrientationLandscapeLeft UIInterfaceOrientationLandscapeRight";
				INFOPLIST_KEY_UISupportedInterfaceOrientations_iPhone = "UIInterfaceOrientationPortrait UIInterfaceOrientationLandscapeLeft UIInterfaceOrientationLandscapeRight";
				IPHONEOS_DEPLOYMENT_TARGET = 15.0;
				LD_RUNPATH_SEARCH_PATHS = (
					"$(inherited)",
					"@executable_path/Frameworks",
				);
				MARKETING_VERSION = 1.0;
				PRODUCT_BUNDLE_IDENTIFIER = venkata.AllSensors;
				PRODUCT_NAME = "$(TARGET_NAME)";
				SWIFT_EMIT_LOC_STRINGS = YES;
				SWIFT_VERSION = 5.0;
				TARGETED_DEVICE_FAMILY = "1,2";
			};
			name = Debug;
		};
		827C27792B084D77007076BF /* Release */ = {
			isa = XCBuildConfiguration;
			buildSettings = {
				ASSETCATALOG_COMPILER_APPICON_NAME = AppIcon;
				ASSETCATALOG_COMPILER_GLOBAL_ACCENT_COLOR_NAME = AccentColor;
				CODE_SIGN_STYLE = Automatic;
				CURRENT_PROJECT_VERSION = 1;
				DEVELOPMENT_ASSET_PATHS = "\"AllSensors/Preview Content\"";
				DEVELOPMENT_TEAM = TNL7Y7H322;
				ENABLE_PREVIEWS = YES;
				GENERATE_INFOPLIST_FILE = YES;
				INFOPLIST_KEY_UIApplicationSceneManifest_Generation = YES;
				INFOPLIST_KEY_UIApplicationSupportsIndirectInputEvents = YES;
				INFOPLIST_KEY_UILaunchScreen_Generation = YES;
				INFOPLIST_KEY_UISupportedInterfaceOrientations_iPad = "UIInterfaceOrientationPortrait UIInterfaceOrientationPortraitUpsideDown UIInterfaceOrientationLandscapeLeft UIInterfaceOrientationLandscapeRight";
				INFOPLIST_KEY_UISupportedInterfaceOrientations_iPhone = "UIInterfaceOrientationPortrait UIInterfaceOrientationLandscapeLeft UIInterfaceOrientationLandscapeRight";
				IPHONEOS_DEPLOYMENT_TARGET = 15.0;
				LD_RUNPATH_SEARCH_PATHS = (
					"$(inherited)",
					"@executable_path/Frameworks",
				);
				MARKETING_VERSION = 1.0;
				PRODUCT_BUNDLE_IDENTIFIER = venkata.AllSensors;
				PRODUCT_NAME = "$(TARGET_NAME)";
				SWIFT_EMIT_LOC_STRINGS = YES;
				SWIFT_VERSION = 5.0;
				TARGETED_DEVICE_FAMILY = "1,2";
			};
			name = Release;
		};
		827C277B2B084D77007076BF /* Debug */ = {
			isa = XCBuildConfiguration;
			buildSettings = {
				ALWAYS_EMBED_SWIFT_STANDARD_LIBRARIES = YES;
				BUNDLE_LOADER = "$(TEST_HOST)";
				CODE_SIGN_STYLE = Automatic;
				CURRENT_PROJECT_VERSION = 1;
				DEVELOPMENT_TEAM = TNL7Y7H322;
				GENERATE_INFOPLIST_FILE = YES;
				IPHONEOS_DEPLOYMENT_TARGET = 17.0;
				MARKETING_VERSION = 1.0;
				PRODUCT_BUNDLE_IDENTIFIER = venkata.AllSensorsTests;
				PRODUCT_NAME = "$(TARGET_NAME)";
				SWIFT_EMIT_LOC_STRINGS = NO;
				SWIFT_VERSION = 5.0;
				TARGETED_DEVICE_FAMILY = "1,2";
				TEST_HOST = "$(BUILT_PRODUCTS_DIR)/AllSensors.app/$(BUNDLE_EXECUTABLE_FOLDER_PATH)/AllSensors";
			};
			name = Debug;
		};
		827C277C2B084D77007076BF /* Release */ = {
			isa = XCBuildConfiguration;
			buildSettings = {
				ALWAYS_EMBED_SWIFT_STANDARD_LIBRARIES = YES;
				BUNDLE_LOADER = "$(TEST_HOST)";
				CODE_SIGN_STYLE = Automatic;
				CURRENT_PROJECT_VERSION = 1;
				DEVELOPMENT_TEAM = TNL7Y7H322;
				GENERATE_INFOPLIST_FILE = YES;
				IPHONEOS_DEPLOYMENT_TARGET = 17.0;
				MARKETING_VERSION = 1.0;
				PRODUCT_BUNDLE_IDENTIFIER = venkata.AllSensorsTests;
				PRODUCT_NAME = "$(TARGET_NAME)";
				SWIFT_EMIT_LOC_STRINGS = NO;
				SWIFT_VERSION = 5.0;
				TARGETED_DEVICE_FAMILY = "1,2";
				TEST_HOST = "$(BUILT_PRODUCTS_DIR)/AllSensors.app/$(BUNDLE_EXECUTABLE_FOLDER_PATH)/AllSensors";
			};
			name = Release;
		};
		827C277E2B084D77007076BF /* Debug */ = {
			isa = XCBuildConfiguration;
			buildSettings = {
				ALWAYS_EMBED_SWIFT_STANDARD_LIBRARIES = YES;
				CODE_SIGN_STYLE = Automatic;
				CURRENT_PROJECT_VERSION = 1;
				DEVELOPMENT_TEAM = TNL7Y7H322;
				GENERATE_INFOPLIST_FILE = YES;
				MARKETING_VERSION = 1.0;
				PRODUCT_BUNDLE_IDENTIFIER = venkata.AllSensorsUITests;
				PRODUCT_NAME = "$(TARGET_NAME)";
				SWIFT_EMIT_LOC_STRINGS = NO;
				SWIFT_VERSION = 5.0;
				TARGETED_DEVICE_FAMILY = "1,2";
				TEST_TARGET_NAME = AllSensors;
			};
			name = Debug;
		};
		827C277F2B084D77007076BF /* Release */ = {
			isa = XCBuildConfiguration;
			buildSettings = {
				ALWAYS_EMBED_SWIFT_STANDARD_LIBRARIES = YES;
				CODE_SIGN_STYLE = Automatic;
				CURRENT_PROJECT_VERSION = 1;
				DEVELOPMENT_TEAM = TNL7Y7H322;
				GENERATE_INFOPLIST_FILE = YES;
				MARKETING_VERSION = 1.0;
				PRODUCT_BUNDLE_IDENTIFIER = venkata.AllSensorsUITests;
				PRODUCT_NAME = "$(TARGET_NAME)";
				SWIFT_EMIT_LOC_STRINGS = NO;
				SWIFT_VERSION = 5.0;
				TARGETED_DEVICE_FAMILY = "1,2";
				TEST_TARGET_NAME = AllSensors;
			};
			name = Release;
		};
/* End XCBuildConfiguration section */

/* Begin XCConfigurationList section */
		827C274E2B084D73007076BF /* Build configuration list for PBXProject "AllSensors" */ = {
			isa = XCConfigurationList;
			buildConfigurations = (
				827C27752B084D77007076BF /* Debug */,
				827C27762B084D77007076BF /* Release */,
			);
			defaultConfigurationIsVisible = 0;
			defaultConfigurationName = Release;
		};
		827C27772B084D77007076BF /* Build configuration list for PBXNativeTarget "AllSensors" */ = {
			isa = XCConfigurationList;
			buildConfigurations = (
				827C27782B084D77007076BF /* Debug */,
				827C27792B084D77007076BF /* Release */,
			);
			defaultConfigurationIsVisible = 0;
			defaultConfigurationName = Release;
		};
		827C277A2B084D77007076BF /* Build configuration list for PBXNativeTarget "AllSensorsTests" */ = {
			isa = XCConfigurationList;
			buildConfigurations = (
				827C277B2B084D77007076BF /* Debug */,
				827C277C2B084D77007076BF /* Release */,
			);
			defaultConfigurationIsVisible = 0;
			defaultConfigurationName = Release;
		};
		827C277D2B084D77007076BF /* Build configuration list for PBXNativeTarget "AllSensorsUITests" */ = {
			isa = XCConfigurationList;
			buildConfigurations = (
				827C277E2B084D77007076BF /* Debug */,
				827C277F2B084D77007076BF /* Release */,
			);
			defaultConfigurationIsVisible = 0;
			defaultConfigurationName = Release;
		};
/* End XCConfigurationList section */
	};
	rootObject = 827C274B2B084D73007076BF /* Project object */;
}
